// !$*UTF8*$!
{
	archiveVersion = 1;
	classes = {
	};
	objectVersion = 50;
	objects = {

/* Begin PBXBuildFile section */
		7C8EF97A290065AD00250CCF /* AnimScroll.swift in Sources */ = {isa = PBXBuildFile; fileRef = 7C8EF979290065AD00250CCF /* AnimScroll.swift */; };
		7C9480002810700B0051ABEB /* ScrollDown.swift in Sources */ = {isa = PBXBuildFile; fileRef = 7C947FFF2810700B0051ABEB /* ScrollDown.swift */; };
		FC001796282B01C9009296C4 /* ChatView.swift in Sources */ = {isa = PBXBuildFile; fileRef = FC001795282B01C9009296C4 /* ChatView.swift */; };
		FC0E8955265ED5970000166B /* GradBars.swift in Sources */ = {isa = PBXBuildFile; fileRef = FC0E8954265ED5970000166B /* GradBars.swift */; };
		FC1D50AC2879ECB200E18AB7 /* ImageAnim.swift in Sources */ = {isa = PBXBuildFile; fileRef = FC1D50AB2879ECB200E18AB7 /* ImageAnim.swift */; };
		FC2077A327A1805000C9D3CA /* TestLoaderView.swift in Sources */ = {isa = PBXBuildFile; fileRef = FC2077A227A1805000C9D3CA /* TestLoaderView.swift */; };
		FC33C3DD28C1430B0006F126 /* CustomField.swift in Sources */ = {isa = PBXBuildFile; fileRef = FC33C3DC28C1430B0006F126 /* CustomField.swift */; };
		FC33C3E728CB61920006F126 /* ImageMask.swift in Sources */ = {isa = PBXBuildFile; fileRef = FC33C3E628CB61920006F126 /* ImageMask.swift */; };
		FC53247128D2077B004DE16D /* StackSpace.swift in Sources */ = {isa = PBXBuildFile; fileRef = FC53247028D2077B004DE16D /* StackSpace.swift */; };
		FC5717B2271F0582008318F5 /* ActivityCircleComponent.swift in Sources */ = {isa = PBXBuildFile; fileRef = FC5717B1271F0582008318F5 /* ActivityCircleComponent.swift */; };
		FC5723ED285BCBCC00E5136A /* ListHeaders.swift in Sources */ = {isa = PBXBuildFile; fileRef = FC5723EC285BCBCC00E5136A /* ListHeaders.swift */; };
		FC6EC4FA272B073D002E1D50 /* Padding.swift in Sources */ = {isa = PBXBuildFile; fileRef = FC6EC4F9272B073D002E1D50 /* Padding.swift */; };
		FC6EC501272C26F1002E1D50 /* SmoothArcExample.swift in Sources */ = {isa = PBXBuildFile; fileRef = FC6EC500272C26F1002E1D50 /* SmoothArcExample.swift */; };
		FC7C1EFB2762A7DF0013C10E /* ExpandableView.swift in Sources */ = {isa = PBXBuildFile; fileRef = FC7C1EFA2762A7DF0013C10E /* ExpandableView.swift */; };
		FC814FF327BE89C8009029CB /* ScrollTestView.swift in Sources */ = {isa = PBXBuildFile; fileRef = FC814FF227BE89C8009029CB /* ScrollTestView.swift */; };
		FC94716825F3D81F00BA0393 /* TotalView.swift in Sources */ = {isa = PBXBuildFile; fileRef = FC94716725F3D81F00BA0393 /* TotalView.swift */; };
		FC9471D625FCFDD700BA0393 /* PickerTestView.swift in Sources */ = {isa = PBXBuildFile; fileRef = FC9471D525FCFDD700BA0393 /* PickerTestView.swift */; };
		FC96F92C291148D00007C81B /* TextTransition.swift in Sources */ = {isa = PBXBuildFile; fileRef = FC96F92B291148D00007C81B /* TextTransition.swift */; };
		FCAE1CF7269E0047001F76FA /* MapTestView.swift in Sources */ = {isa = PBXBuildFile; fileRef = FCAE1CF6269E0047001F76FA /* MapTestView.swift */; };
		FCB6ECE428B95639006B0ABE /* TextFiltering.swift in Sources */ = {isa = PBXBuildFile; fileRef = FCB6ECE328B95639006B0ABE /* TextFiltering.swift */; };
		FCBB939A27B6CB12001548A8 /* MaskScroll.swift in Sources */ = {isa = PBXBuildFile; fileRef = FCBB939927B6CB12001548A8 /* MaskScroll.swift */; };
		FCC061A8263C283F00379412 /* TextviewWithScrollview.swift in Sources */ = {isa = PBXBuildFile; fileRef = FCC061A7263C283F00379412 /* TextviewWithScrollview.swift */; };
		FCC10802290193CD00BB1196 /* ImageMaskingView.swift in Sources */ = {isa = PBXBuildFile; fileRef = FCC10801290193CD00BB1196 /* ImageMaskingView.swift */; };
		FCC204E828FF0F0100AFD6E1 /* BotToTopView.swift in Sources */ = {isa = PBXBuildFile; fileRef = FCC204E728FF0F0100AFD6E1 /* BotToTopView.swift */; };
		FCD4E348280AF58100808073 /* ProfileActionButtonView.swift in Sources */ = {isa = PBXBuildFile; fileRef = FCD4E347280AF58100808073 /* ProfileActionButtonView.swift */; };
		FCD4E34A280AF68000808073 /* ProfileContainerView.swift in Sources */ = {isa = PBXBuildFile; fileRef = FCD4E349280AF68000808073 /* ProfileContainerView.swift */; };
		FCD4E354280F441300808073 /* CaptureView.swift in Sources */ = {isa = PBXBuildFile; fileRef = FCD4E353280F441300808073 /* CaptureView.swift */; };
		FCDCBA0028A52C8300D15CD9 /* EmbedScrollView.swift in Sources */ = {isa = PBXBuildFile; fileRef = FCDCB9FF28A52C8300D15CD9 /* EmbedScrollView.swift */; };
		FCDCBA6E28B021AB00D15CD9 /* RandArray.swift in Sources */ = {isa = PBXBuildFile; fileRef = FCDCBA6D28B021AB00D15CD9 /* RandArray.swift */; };
		FCE6E6B128F83D2700564BA4 /* WithUIKitButton.swift in Sources */ = {isa = PBXBuildFile; fileRef = FCE6E6B028F83D2700564BA4 /* WithUIKitButton.swift */; };
		FCE6E6B328F83E1D00564BA4 /* UIKitButtonView.xib in Resources */ = {isa = PBXBuildFile; fileRef = FCE6E6B228F83E1D00564BA4 /* UIKitButtonView.xib */; };
		FCE6E6B728F8402400564BA4 /* FromXIBView.xib in Resources */ = {isa = PBXBuildFile; fileRef = FCE6E6B628F8402400564BA4 /* FromXIBView.xib */; };
		FCE6E6E528FDC29400564BA4 /* SafeTestView.swift in Sources */ = {isa = PBXBuildFile; fileRef = FCE6E6E428FDC29400564BA4 /* SafeTestView.swift */; };
		FCE8EFAA25C452B000F9F0BE /* CircleProgApp.swift in Sources */ = {isa = PBXBuildFile; fileRef = FCE8EFA925C452B000F9F0BE /* CircleProgApp.swift */; };
		FCE8EFAC25C452B000F9F0BE /* ContentView.swift in Sources */ = {isa = PBXBuildFile; fileRef = FCE8EFAB25C452B000F9F0BE /* ContentView.swift */; };
		FCE8EFAE25C452B000F9F0BE /* Assets.xcassets in Resources */ = {isa = PBXBuildFile; fileRef = FCE8EFAD25C452B000F9F0BE /* Assets.xcassets */; };
		FCE8EFB125C452B000F9F0BE /* Preview Assets.xcassets in Resources */ = {isa = PBXBuildFile; fileRef = FCE8EFB025C452B000F9F0BE /* Preview Assets.xcassets */; };
/* End PBXBuildFile section */

/* Begin PBXFileReference section */
		7C8EF979290065AD00250CCF /* AnimScroll.swift */ = {isa = PBXFileReference; lastKnownFileType = sourcecode.swift; path = AnimScroll.swift; sourceTree = "<group>"; };
		7C947FFF2810700B0051ABEB /* ScrollDown.swift */ = {isa = PBXFileReference; lastKnownFileType = sourcecode.swift; path = ScrollDown.swift; sourceTree = "<group>"; };
		FC001795282B01C9009296C4 /* ChatView.swift */ = {isa = PBXFileReference; lastKnownFileType = sourcecode.swift; path = ChatView.swift; sourceTree = "<group>"; };
		FC0E8954265ED5970000166B /* GradBars.swift */ = {isa = PBXFileReference; lastKnownFileType = sourcecode.swift; path = GradBars.swift; sourceTree = "<group>"; };
		FC1D50AB2879ECB200E18AB7 /* ImageAnim.swift */ = {isa = PBXFileReference; lastKnownFileType = sourcecode.swift; path = ImageAnim.swift; sourceTree = "<group>"; };
		FC2077A227A1805000C9D3CA /* TestLoaderView.swift */ = {isa = PBXFileReference; lastKnownFileType = sourcecode.swift; path = TestLoaderView.swift; sourceTree = "<group>"; };
		FC33C3DC28C1430B0006F126 /* CustomField.swift */ = {isa = PBXFileReference; lastKnownFileType = sourcecode.swift; path = CustomField.swift; sourceTree = "<group>"; };
		FC33C3E628CB61920006F126 /* ImageMask.swift */ = {isa = PBXFileReference; lastKnownFileType = sourcecode.swift; path = ImageMask.swift; sourceTree = "<group>"; };
		FC53247028D2077B004DE16D /* StackSpace.swift */ = {isa = PBXFileReference; lastKnownFileType = sourcecode.swift; path = StackSpace.swift; sourceTree = "<group>"; };
		FC5717B1271F0582008318F5 /* ActivityCircleComponent.swift */ = {isa = PBXFileReference; lastKnownFileType = sourcecode.swift; path = ActivityCircleComponent.swift; sourceTree = "<group>"; };
		FC5723EC285BCBCC00E5136A /* ListHeaders.swift */ = {isa = PBXFileReference; lastKnownFileType = sourcecode.swift; path = ListHeaders.swift; sourceTree = "<group>"; };
		FC6EC4F9272B073D002E1D50 /* Padding.swift */ = {isa = PBXFileReference; lastKnownFileType = sourcecode.swift; path = Padding.swift; sourceTree = "<group>"; };
		FC6EC500272C26F1002E1D50 /* SmoothArcExample.swift */ = {isa = PBXFileReference; lastKnownFileType = sourcecode.swift; path = SmoothArcExample.swift; sourceTree = "<group>"; };
		FC7C1EFA2762A7DF0013C10E /* ExpandableView.swift */ = {isa = PBXFileReference; lastKnownFileType = sourcecode.swift; path = ExpandableView.swift; sourceTree = "<group>"; };
		FC814FF227BE89C8009029CB /* ScrollTestView.swift */ = {isa = PBXFileReference; lastKnownFileType = sourcecode.swift; path = ScrollTestView.swift; sourceTree = "<group>"; };
		FC94716725F3D81F00BA0393 /* TotalView.swift */ = {isa = PBXFileReference; lastKnownFileType = sourcecode.swift; path = TotalView.swift; sourceTree = "<group>"; };
		FC9471D525FCFDD700BA0393 /* PickerTestView.swift */ = {isa = PBXFileReference; lastKnownFileType = sourcecode.swift; path = PickerTestView.swift; sourceTree = "<group>"; };
		FC96F92B291148D00007C81B /* TextTransition.swift */ = {isa = PBXFileReference; lastKnownFileType = sourcecode.swift; path = TextTransition.swift; sourceTree = "<group>"; };
		FCAE1CF6269E0047001F76FA /* MapTestView.swift */ = {isa = PBXFileReference; lastKnownFileType = sourcecode.swift; path = MapTestView.swift; sourceTree = "<group>"; };
		FCB6ECE328B95639006B0ABE /* TextFiltering.swift */ = {isa = PBXFileReference; lastKnownFileType = sourcecode.swift; path = TextFiltering.swift; sourceTree = "<group>"; };
		FCBB939927B6CB12001548A8 /* MaskScroll.swift */ = {isa = PBXFileReference; lastKnownFileType = sourcecode.swift; path = MaskScroll.swift; sourceTree = "<group>"; };
		FCC061A7263C283F00379412 /* TextviewWithScrollview.swift */ = {isa = PBXFileReference; lastKnownFileType = sourcecode.swift; path = TextviewWithScrollview.swift; sourceTree = "<group>"; };
		FCC10801290193CD00BB1196 /* ImageMaskingView.swift */ = {isa = PBXFileReference; lastKnownFileType = sourcecode.swift; path = ImageMaskingView.swift; sourceTree = "<group>"; };
		FCC204E728FF0F0100AFD6E1 /* BotToTopView.swift */ = {isa = PBXFileReference; lastKnownFileType = sourcecode.swift; path = BotToTopView.swift; sourceTree = "<group>"; };
		FCD4E347280AF58100808073 /* ProfileActionButtonView.swift */ = {isa = PBXFileReference; lastKnownFileType = sourcecode.swift; path = ProfileActionButtonView.swift; sourceTree = "<group>"; };
		FCD4E349280AF68000808073 /* ProfileContainerView.swift */ = {isa = PBXFileReference; lastKnownFileType = sourcecode.swift; path = ProfileContainerView.swift; sourceTree = "<group>"; };
		FCD4E353280F441300808073 /* CaptureView.swift */ = {isa = PBXFileReference; lastKnownFileType = sourcecode.swift; path = CaptureView.swift; sourceTree = "<group>"; };
		FCDCB9FF28A52C8300D15CD9 /* EmbedScrollView.swift */ = {isa = PBXFileReference; lastKnownFileType = sourcecode.swift; path = EmbedScrollView.swift; sourceTree = "<group>"; };
		FCDCBA6D28B021AB00D15CD9 /* RandArray.swift */ = {isa = PBXFileReference; lastKnownFileType = sourcecode.swift; path = RandArray.swift; sourceTree = "<group>"; };
		FCE6E6B028F83D2700564BA4 /* WithUIKitButton.swift */ = {isa = PBXFileReference; lastKnownFileType = sourcecode.swift; path = WithUIKitButton.swift; sourceTree = "<group>"; };
		FCE6E6B228F83E1D00564BA4 /* UIKitButtonView.xib */ = {isa = PBXFileReference; lastKnownFileType = file.xib; path = UIKitButtonView.xib; sourceTree = "<group>"; };
		FCE6E6B628F8402400564BA4 /* FromXIBView.xib */ = {isa = PBXFileReference; lastKnownFileType = file.xib; path = FromXIBView.xib; sourceTree = "<group>"; };
		FCE6E6E428FDC29400564BA4 /* SafeTestView.swift */ = {isa = PBXFileReference; lastKnownFileType = sourcecode.swift; path = SafeTestView.swift; sourceTree = "<group>"; };
		FCE8EFA625C452B000F9F0BE /* CircleProg.app */ = {isa = PBXFileReference; explicitFileType = wrapper.application; includeInIndex = 0; path = CircleProg.app; sourceTree = BUILT_PRODUCTS_DIR; };
		FCE8EFA925C452B000F9F0BE /* CircleProgApp.swift */ = {isa = PBXFileReference; lastKnownFileType = sourcecode.swift; path = CircleProgApp.swift; sourceTree = "<group>"; };
		FCE8EFAB25C452B000F9F0BE /* ContentView.swift */ = {isa = PBXFileReference; lastKnownFileType = sourcecode.swift; path = ContentView.swift; sourceTree = "<group>"; };
		FCE8EFAD25C452B000F9F0BE /* Assets.xcassets */ = {isa = PBXFileReference; lastKnownFileType = folder.assetcatalog; path = Assets.xcassets; sourceTree = "<group>"; };
		FCE8EFB025C452B000F9F0BE /* Preview Assets.xcassets */ = {isa = PBXFileReference; lastKnownFileType = folder.assetcatalog; path = "Preview Assets.xcassets"; sourceTree = "<group>"; };
		FCE8EFB225C452B000F9F0BE /* Info.plist */ = {isa = PBXFileReference; lastKnownFileType = text.plist.xml; path = Info.plist; sourceTree = "<group>"; };
/* End PBXFileReference section */

/* Begin PBXFrameworksBuildPhase section */
		FCE8EFA325C452B000F9F0BE /* Frameworks */ = {
			isa = PBXFrameworksBuildPhase;
			buildActionMask = 2147483647;
			files = (
			);
			runOnlyForDeploymentPostprocessing = 0;
		};
/* End PBXFrameworksBuildPhase section */

/* Begin PBXGroup section */
		FCE8EF9D25C452B000F9F0BE = {
			isa = PBXGroup;
			children = (
				FCE8EFA825C452B000F9F0BE /* CircleProg */,
				FCE8EFA725C452B000F9F0BE /* Products */,
			);
			sourceTree = "<group>";
		};
		FCE8EFA725C452B000F9F0BE /* Products */ = {
			isa = PBXGroup;
			children = (
				FCE8EFA625C452B000F9F0BE /* CircleProg.app */,
			);
			name = Products;
			sourceTree = "<group>";
		};
		FCE8EFA825C452B000F9F0BE /* CircleProg */ = {
			isa = PBXGroup;
			children = (
				FCE8EFA925C452B000F9F0BE /* CircleProgApp.swift */,
				FCE8EFAB25C452B000F9F0BE /* ContentView.swift */,
				FC94716725F3D81F00BA0393 /* TotalView.swift */,
				FC9471D525FCFDD700BA0393 /* PickerTestView.swift */,
				FCC061A7263C283F00379412 /* TextviewWithScrollview.swift */,
				FC0E8954265ED5970000166B /* GradBars.swift */,
				FCAE1CF6269E0047001F76FA /* MapTestView.swift */,
				FC5717B1271F0582008318F5 /* ActivityCircleComponent.swift */,
				FC6EC4F9272B073D002E1D50 /* Padding.swift */,
				FC6EC500272C26F1002E1D50 /* SmoothArcExample.swift */,
				FC7C1EFA2762A7DF0013C10E /* ExpandableView.swift */,
				FC2077A227A1805000C9D3CA /* TestLoaderView.swift */,
				FCBB939927B6CB12001548A8 /* MaskScroll.swift */,
				FC814FF227BE89C8009029CB /* ScrollTestView.swift */,
				FCD4E347280AF58100808073 /* ProfileActionButtonView.swift */,
				FCD4E349280AF68000808073 /* ProfileContainerView.swift */,
				FCD4E353280F441300808073 /* CaptureView.swift */,
				7C947FFF2810700B0051ABEB /* ScrollDown.swift */,
				FC001795282B01C9009296C4 /* ChatView.swift */,
				FC5723EC285BCBCC00E5136A /* ListHeaders.swift */,
				FC1D50AB2879ECB200E18AB7 /* ImageAnim.swift */,
				FCDCB9FF28A52C8300D15CD9 /* EmbedScrollView.swift */,
				FCDCBA6D28B021AB00D15CD9 /* RandArray.swift */,
				FCB6ECE328B95639006B0ABE /* TextFiltering.swift */,
				FC33C3DC28C1430B0006F126 /* CustomField.swift */,
				FC33C3E628CB61920006F126 /* ImageMask.swift */,
				FC53247028D2077B004DE16D /* StackSpace.swift */,
				FCE6E6B028F83D2700564BA4 /* WithUIKitButton.swift */,
				FCE6E6E428FDC29400564BA4 /* SafeTestView.swift */,
				7C8EF979290065AD00250CCF /* AnimScroll.swift */,
				FCC204E728FF0F0100AFD6E1 /* BotToTopView.swift */,
				FCC10801290193CD00BB1196 /* ImageMaskingView.swift */,
				FC96F92B291148D00007C81B /* TextTransition.swift */,
				FCE6E6B228F83E1D00564BA4 /* UIKitButtonView.xib */,
				FCE6E6B628F8402400564BA4 /* FromXIBView.xib */,
				FCE8EFAD25C452B000F9F0BE /* Assets.xcassets */,
				FCE8EFB225C452B000F9F0BE /* Info.plist */,
				FCE8EFAF25C452B000F9F0BE /* Preview Content */,
			);
			path = CircleProg;
			sourceTree = "<group>";
		};
		FCE8EFAF25C452B000F9F0BE /* Preview Content */ = {
			isa = PBXGroup;
			children = (
				FCE8EFB025C452B000F9F0BE /* Preview Assets.xcassets */,
			);
			path = "Preview Content";
			sourceTree = "<group>";
		};
/* End PBXGroup section */

/* Begin PBXNativeTarget section */
		FCE8EFA525C452B000F9F0BE /* CircleProg */ = {
			isa = PBXNativeTarget;
			buildConfigurationList = FCE8EFB525C452B000F9F0BE /* Build configuration list for PBXNativeTarget "CircleProg" */;
			buildPhases = (
				FCE8EFA225C452B000F9F0BE /* Sources */,
				FCE8EFA325C452B000F9F0BE /* Frameworks */,
				FCE8EFA425C452B000F9F0BE /* Resources */,
			);
			buildRules = (
			);
			dependencies = (
			);
			name = CircleProg;
			productName = CircleProg;
			productReference = FCE8EFA625C452B000F9F0BE /* CircleProg.app */;
			productType = "com.apple.product-type.application";
		};
/* End PBXNativeTarget section */

/* Begin PBXProject section */
		FCE8EF9E25C452B000F9F0BE /* Project object */ = {
			isa = PBXProject;
			attributes = {
				LastSwiftUpdateCheck = 1230;
				LastUpgradeCheck = 1230;
				TargetAttributes = {
					FCE8EFA525C452B000F9F0BE = {
						CreatedOnToolsVersion = 12.3;
					};
				};
			};
			buildConfigurationList = FCE8EFA125C452B000F9F0BE /* Build configuration list for PBXProject "CircleProg" */;
			compatibilityVersion = "Xcode 9.3";
			developmentRegion = en;
			hasScannedForEncodings = 0;
			knownRegions = (
				en,
				Base,
			);
			mainGroup = FCE8EF9D25C452B000F9F0BE;
			productRefGroup = FCE8EFA725C452B000F9F0BE /* Products */;
			projectDirPath = "";
			projectRoot = "";
			targets = (
				FCE8EFA525C452B000F9F0BE /* CircleProg */,
			);
		};
/* End PBXProject section */

/* Begin PBXResourcesBuildPhase section */
		FCE8EFA425C452B000F9F0BE /* Resources */ = {
			isa = PBXResourcesBuildPhase;
			buildActionMask = 2147483647;
			files = (
				FCE8EFB125C452B000F9F0BE /* Preview Assets.xcassets in Resources */,
				FCE8EFAE25C452B000F9F0BE /* Assets.xcassets in Resources */,
				FCE6E6B728F8402400564BA4 /* FromXIBView.xib in Resources */,
				FCE6E6B328F83E1D00564BA4 /* UIKitButtonView.xib in Resources */,
			);
			runOnlyForDeploymentPostprocessing = 0;
		};
/* End PBXResourcesBuildPhase section */

/* Begin PBXSourcesBuildPhase section */
		FCE8EFA225C452B000F9F0BE /* Sources */ = {
			isa = PBXSourcesBuildPhase;
			buildActionMask = 2147483647;
			files = (
				FC5723ED285BCBCC00E5136A /* ListHeaders.swift in Sources */,
				FCDCBA0028A52C8300D15CD9 /* EmbedScrollView.swift in Sources */,
				FC001796282B01C9009296C4 /* ChatView.swift in Sources */,
				FC96F92C291148D00007C81B /* TextTransition.swift in Sources */,
				FC9471D625FCFDD700BA0393 /* PickerTestView.swift in Sources */,
				FC814FF327BE89C8009029CB /* ScrollTestView.swift in Sources */,
				FC33C3E728CB61920006F126 /* ImageMask.swift in Sources */,
				FC33C3DD28C1430B0006F126 /* CustomField.swift in Sources */,
				FCBB939A27B6CB12001548A8 /* MaskScroll.swift in Sources */,
				FCC061A8263C283F00379412 /* TextviewWithScrollview.swift in Sources */,
				FCE6E6E528FDC29400564BA4 /* SafeTestView.swift in Sources */,
				FCB6ECE428B95639006B0ABE /* TextFiltering.swift in Sources */,
				FCDCBA6E28B021AB00D15CD9 /* RandArray.swift in Sources */,
				FC53247128D2077B004DE16D /* StackSpace.swift in Sources */,
				FCD4E34A280AF68000808073 /* ProfileContainerView.swift in Sources */,
				FC6EC4FA272B073D002E1D50 /* Padding.swift in Sources */,
				7C9480002810700B0051ABEB /* ScrollDown.swift in Sources */,
				FCD4E354280F441300808073 /* CaptureView.swift in Sources */,
				FC5717B2271F0582008318F5 /* ActivityCircleComponent.swift in Sources */,
				FC94716825F3D81F00BA0393 /* TotalView.swift in Sources */,
				FCE8EFAC25C452B000F9F0BE /* ContentView.swift in Sources */,
				FCAE1CF7269E0047001F76FA /* MapTestView.swift in Sources */,
				7C8EF97A290065AD00250CCF /* AnimScroll.swift in Sources */,
				FCE8EFAA25C452B000F9F0BE /* CircleProgApp.swift in Sources */,
				FC0E8955265ED5970000166B /* GradBars.swift in Sources */,
				FCE6E6B128F83D2700564BA4 /* WithUIKitButton.swift in Sources */,
				FCC10802290193CD00BB1196 /* ImageMaskingView.swift in Sources */,
				FCD4E348280AF58100808073 /* ProfileActionButtonView.swift in Sources */,
				FC1D50AC2879ECB200E18AB7 /* ImageAnim.swift in Sources */,
				FC2077A327A1805000C9D3CA /* TestLoaderView.swift in Sources */,
				FC7C1EFB2762A7DF0013C10E /* ExpandableView.swift in Sources */,
				FC6EC501272C26F1002E1D50 /* SmoothArcExample.swift in Sources */,
				FCC204E828FF0F0100AFD6E1 /* BotToTopView.swift in Sources */,
			);
			runOnlyForDeploymentPostprocessing = 0;
		};
/* End PBXSourcesBuildPhase section */

/* Begin XCBuildConfiguration section */
		FCE8EFB325C452B000F9F0BE /* Debug */ = {
			isa = XCBuildConfiguration;
			buildSettings = {
				ALWAYS_SEARCH_USER_PATHS = NO;
				CLANG_ANALYZER_NONNULL = YES;
				CLANG_ANALYZER_NUMBER_OBJECT_CONVERSION = YES_AGGRESSIVE;
				CLANG_CXX_LANGUAGE_STANDARD = "gnu++14";
				CLANG_CXX_LIBRARY = "libc++";
				CLANG_ENABLE_MODULES = YES;
				CLANG_ENABLE_OBJC_ARC = YES;
				CLANG_ENABLE_OBJC_WEAK = YES;
				CLANG_WARN_BLOCK_CAPTURE_AUTORELEASING = YES;
				CLANG_WARN_BOOL_CONVERSION = YES;
				CLANG_WARN_COMMA = YES;
				CLANG_WARN_CONSTANT_CONVERSION = YES;
				CLANG_WARN_DEPRECATED_OBJC_IMPLEMENTATIONS = YES;
				CLANG_WARN_DIRECT_OBJC_ISA_USAGE = YES_ERROR;
				CLANG_WARN_DOCUMENTATION_COMMENTS = YES;
				CLANG_WARN_EMPTY_BODY = YES;
				CLANG_WARN_ENUM_CONVERSION = YES;
				CLANG_WARN_INFINITE_RECURSION = YES;
				CLANG_WARN_INT_CONVERSION = YES;
				CLANG_WARN_NON_LITERAL_NULL_CONVERSION = YES;
				CLANG_WARN_OBJC_IMPLICIT_RETAIN_SELF = YES;
				CLANG_WARN_OBJC_LITERAL_CONVERSION = YES;
				CLANG_WARN_OBJC_ROOT_CLASS = YES_ERROR;
				CLANG_WARN_QUOTED_INCLUDE_IN_FRAMEWORK_HEADER = YES;
				CLANG_WARN_RANGE_LOOP_ANALYSIS = YES;
				CLANG_WARN_STRICT_PROTOTYPES = YES;
				CLANG_WARN_SUSPICIOUS_MOVE = YES;
				CLANG_WARN_UNGUARDED_AVAILABILITY = YES_AGGRESSIVE;
				CLANG_WARN_UNREACHABLE_CODE = YES;
				CLANG_WARN__DUPLICATE_METHOD_MATCH = YES;
				COPY_PHASE_STRIP = NO;
				DEBUG_INFORMATION_FORMAT = dwarf;
				ENABLE_STRICT_OBJC_MSGSEND = YES;
				ENABLE_TESTABILITY = YES;
				GCC_C_LANGUAGE_STANDARD = gnu11;
				GCC_DYNAMIC_NO_PIC = NO;
				GCC_NO_COMMON_BLOCKS = YES;
				GCC_OPTIMIZATION_LEVEL = 0;
				GCC_PREPROCESSOR_DEFINITIONS = (
					"DEBUG=1",
					"$(inherited)",
				);
				GCC_WARN_64_TO_32_BIT_CONVERSION = YES;
				GCC_WARN_ABOUT_RETURN_TYPE = YES_ERROR;
				GCC_WARN_UNDECLARED_SELECTOR = YES;
				GCC_WARN_UNINITIALIZED_AUTOS = YES_AGGRESSIVE;
				GCC_WARN_UNUSED_FUNCTION = YES;
				GCC_WARN_UNUSED_VARIABLE = YES;
				IPHONEOS_DEPLOYMENT_TARGET = 15.0;
				MTL_ENABLE_DEBUG_INFO = INCLUDE_SOURCE;
				MTL_FAST_MATH = YES;
				ONLY_ACTIVE_ARCH = YES;
				SDKROOT = iphoneos;
				SWIFT_ACTIVE_COMPILATION_CONDITIONS = DEBUG;
				SWIFT_OPTIMIZATION_LEVEL = "-Onone";
			};
			name = Debug;
		};
		FCE8EFB425C452B000F9F0BE /* Release */ = {
			isa = XCBuildConfiguration;
			buildSettings = {
				ALWAYS_SEARCH_USER_PATHS = NO;
				CLANG_ANALYZER_NONNULL = YES;
				CLANG_ANALYZER_NUMBER_OBJECT_CONVERSION = YES_AGGRESSIVE;
				CLANG_CXX_LANGUAGE_STANDARD = "gnu++14";
				CLANG_CXX_LIBRARY = "libc++";
				CLANG_ENABLE_MODULES = YES;
				CLANG_ENABLE_OBJC_ARC = YES;
				CLANG_ENABLE_OBJC_WEAK = YES;
				CLANG_WARN_BLOCK_CAPTURE_AUTORELEASING = YES;
				CLANG_WARN_BOOL_CONVERSION = YES;
				CLANG_WARN_COMMA = YES;
				CLANG_WARN_CONSTANT_CONVERSION = YES;
				CLANG_WARN_DEPRECATED_OBJC_IMPLEMENTATIONS = YES;
				CLANG_WARN_DIRECT_OBJC_ISA_USAGE = YES_ERROR;
				CLANG_WARN_DOCUMENTATION_COMMENTS = YES;
				CLANG_WARN_EMPTY_BODY = YES;
				CLANG_WARN_ENUM_CONVERSION = YES;
				CLANG_WARN_INFINITE_RECURSION = YES;
				CLANG_WARN_INT_CONVERSION = YES;
				CLANG_WARN_NON_LITERAL_NULL_CONVERSION = YES;
				CLANG_WARN_OBJC_IMPLICIT_RETAIN_SELF = YES;
				CLANG_WARN_OBJC_LITERAL_CONVERSION = YES;
				CLANG_WARN_OBJC_ROOT_CLASS = YES_ERROR;
				CLANG_WARN_QUOTED_INCLUDE_IN_FRAMEWORK_HEADER = YES;
				CLANG_WARN_RANGE_LOOP_ANALYSIS = YES;
				CLANG_WARN_STRICT_PROTOTYPES = YES;
				CLANG_WARN_SUSPICIOUS_MOVE = YES;
				CLANG_WARN_UNGUARDED_AVAILABILITY = YES_AGGRESSIVE;
				CLANG_WARN_UNREACHABLE_CODE = YES;
				CLANG_WARN__DUPLICATE_METHOD_MATCH = YES;
				COPY_PHASE_STRIP = NO;
				DEBUG_INFORMATION_FORMAT = "dwarf-with-dsym";
				ENABLE_NS_ASSERTIONS = NO;
				ENABLE_STRICT_OBJC_MSGSEND = YES;
				GCC_C_LANGUAGE_STANDARD = gnu11;
				GCC_NO_COMMON_BLOCKS = YES;
				GCC_WARN_64_TO_32_BIT_CONVERSION = YES;
				GCC_WARN_ABOUT_RETURN_TYPE = YES_ERROR;
				GCC_WARN_UNDECLARED_SELECTOR = YES;
				GCC_WARN_UNINITIALIZED_AUTOS = YES_AGGRESSIVE;
				GCC_WARN_UNUSED_FUNCTION = YES;
				GCC_WARN_UNUSED_VARIABLE = YES;
				IPHONEOS_DEPLOYMENT_TARGET = 15.0;
				MTL_ENABLE_DEBUG_INFO = NO;
				MTL_FAST_MATH = YES;
				SDKROOT = iphoneos;
				SWIFT_COMPILATION_MODE = wholemodule;
				SWIFT_OPTIMIZATION_LEVEL = "-O";
				VALIDATE_PRODUCT = YES;
			};
			name = Release;
		};
		FCE8EFB625C452B000F9F0BE /* Debug */ = {
			isa = XCBuildConfiguration;
			buildSettings = {
				ASSETCATALOG_COMPILER_APPICON_NAME = AppIcon;
				ASSETCATALOG_COMPILER_GLOBAL_ACCENT_COLOR_NAME = AccentColor;
				CODE_SIGN_STYLE = Automatic;
				DEVELOPMENT_ASSET_PATHS = "\"CircleProg/Preview Content\"";
				DEVELOPMENT_TEAM = TD2383UF5W;
				ENABLE_PREVIEWS = YES;
				INFOPLIST_FILE = CircleProg/Info.plist;
				IPHONEOS_DEPLOYMENT_TARGET = 15.0;
				LD_RUNPATH_SEARCH_PATHS = (
					"$(inherited)",
					"@executable_path/Frameworks",
				);
				PRODUCT_BUNDLE_IDENTIFIER = com.DonMag.CircleProg;
				PRODUCT_NAME = "$(TARGET_NAME)";
				SWIFT_VERSION = 5.0;
				TARGETED_DEVICE_FAMILY = "1,2";
			};
			name = Debug;
		};
		FCE8EFB725C452B000F9F0BE /* Release */ = {
			isa = XCBuildConfiguration;
			buildSettings = {
				ASSETCATALOG_COMPILER_APPICON_NAME = AppIcon;
				ASSETCATALOG_COMPILER_GLOBAL_ACCENT_COLOR_NAME = AccentColor;
				CODE_SIGN_STYLE = Automatic;
				DEVELOPMENT_ASSET_PATHS = "\"CircleProg/Preview Content\"";
				DEVELOPMENT_TEAM = TD2383UF5W;
				ENABLE_PREVIEWS = YES;
				INFOPLIST_FILE = CircleProg/Info.plist;
				IPHONEOS_DEPLOYMENT_TARGET = 15.0;
				LD_RUNPATH_SEARCH_PATHS = (
					"$(inherited)",
					"@executable_path/Frameworks",
				);
				PRODUCT_BUNDLE_IDENTIFIER = com.DonMag.CircleProg;
				PRODUCT_NAME = "$(TARGET_NAME)";
				SWIFT_VERSION = 5.0;
				TARGETED_DEVICE_FAMILY = "1,2";
			};
			name = Release;
		};
/* End XCBuildConfiguration section */

/* Begin XCConfigurationList section */
		FCE8EFA125C452B000F9F0BE /* Build configuration list for PBXProject "CircleProg" */ = {
			isa = XCConfigurationList;
			buildConfigurations = (
				FCE8EFB325C452B000F9F0BE /* Debug */,
				FCE8EFB425C452B000F9F0BE /* Release */,
			);
			defaultConfigurationIsVisible = 0;
			defaultConfigurationName = Release;
		};
		FCE8EFB525C452B000F9F0BE /* Build configuration list for PBXNativeTarget "CircleProg" */ = {
			isa = XCConfigurationList;
			buildConfigurations = (
				FCE8EFB625C452B000F9F0BE /* Debug */,
				FCE8EFB725C452B000F9F0BE /* Release */,
			);
			defaultConfigurationIsVisible = 0;
			defaultConfigurationName = Release;
		};
/* End XCConfigurationList section */
	};
	rootObject = FCE8EF9E25C452B000F9F0BE /* Project object */;
}
